
Microsoft Visual Studio Solution File, Format Version 12.00
# Visual Studio Version 17
VisualStudioVersion = 17.8.34322.80
MinimumVisualStudioVersion = 10.0.40219.1
Project("{FAE04EC0-301F-11D3-BF4B-00C04F79EFBC}") = "DissertationManagementSystem", "DissertationManagementSystem\DissertationManagementSystem.csproj", "{C2D1E3DF-99A1-4C3A-A1BF-B3A5092E2E62}"
EndProject
Global
	GlobalSection(SolutionConfigurationPlatforms) = preSolution
		Debug|Any CPU = Debug|Any CPU
		Release|Any CPU = Release|Any CPU
	EndGlobalSection
	GlobalSection(ProjectConfigurationPlatforms) = postSolution
		{C2D1E3DF-99A1-4C3A-A1BF-B3A5092E2E62}.Debug|Any CPU.ActiveCfg = Debug|Any CPU
		{C2D1E3DF-99A1-4C3A-A1BF-B3A5092E2E62}.Debug|Any CPU.Build.0 = Debug|Any CPU
		{C2D1E3DF-99A1-4C3A-A1BF-B3A5092E2E62}.Release|Any CPU.ActiveCfg = Release|Any CPU
		{C2D1E3DF-99A1-4C3A-A1BF-B3A5092E2E62}.Release|Any CPU.Build.0 = Release|Any CPU
	EndGlobalSection
	GlobalSection(SolutionProperties) = preSolution
		HideSolutionNode = FALSE
	EndGlobalSection
	GlobalSection(ExtensibilityGlobals) = postSolution
		SolutionGuid = {15166B41-8260-42A0-8B56-0830AA2567F2}
	EndGlobalSection
EndGlobal
